{
  "nodes": {
    "catppuccin": {
      "locked": {
        "lastModified": 1719311390,
        "narHash": "sha256-eP+SydN7alV3ln7a1BrGhDoLVTBa6RaHxYZ9bTHAQIA=",
        "owner": "catppuccin",
        "repo": "nix",
        "rev": "1adbfeb44a54be0ae79eca751ba948a6faa3bb0f",
        "type": "github"
      },
      "original": {
        "owner": "catppuccin",
        "repo": "nix",
        "type": "github"
      }
    },
    "hardware": {
      "locked": {
        "lastModified": 1719322773,
        "narHash": "sha256-BqPxtFwXrpJQDh65NOIHX99pz2rtIMshG9Mt2xnnc5c=",
        "owner": "nixos",
        "repo": "nixos-hardware",
        "rev": "caabc425565bbd5c8640630b0bf6974961a49242",
        "type": "github"
      },
      "original": {
        "owner": "nixos",
        "repo": "nixos-hardware",
        "type": "github"
      }
    },
    "home-manager": {
      "inputs": {
        "nixpkgs": [
          "nixpkgs"
        ]
      },
      "locked": {
        "lastModified": 1719180626,
        "narHash": "sha256-vZAzm5KQpR6RGple1dzmSJw5kPivES2heCFM+ZWkt0I=",
        "owner": "nix-community",
        "repo": "home-manager",
        "rev": "6b1f90a8ff92e81638ae6eb48cd62349c3e387bb",
        "type": "github"
      },
      "original": {
        "owner": "nix-community",
        "ref": "master",
        "repo": "home-manager",
        "type": "github"
      }
    },
    "nixpkgs": {
      "locked": {
        "lastModified": 1719075281,
        "narHash": "sha256-CyyxvOwFf12I91PBWz43iGT1kjsf5oi6ax7CrvaMyAo=",
        "owner": "nixos",
        "repo": "nixpkgs",
        "rev": "a71e967ef3694799d0c418c98332f7ff4cc5f6af",
        "type": "github"
      },
      "original": {
        "owner": "nixos",
        "ref": "nixos-unstable",
        "repo": "nixpkgs",
        "type": "github"
      }
    },
    "nixpkgs-unstable": {
      "locked": {
        "lastModified": 1719223410,
        "narHash": "sha256-jtIo8xR0Zp4SalIwmD+OdCwHF4l7OU6PD63UUK4ckt4=",
        "owner": "nixos",
        "repo": "nixpkgs",
        "rev": "efb39c6052f3ce51587cf19733f5f4e5d515aa13",
        "type": "github"
      },
      "original": {
        "owner": "nixos",
        "ref": "nixpkgs-unstable",
        "repo": "nixpkgs",
        "type": "github"
      }
    },
    "root": {
      "inputs": {
        "catppuccin": "catppuccin",
        "hardware": "hardware",
        "home-manager": "home-manager",
        "nixpkgs": "nixpkgs",
        "nixpkgs-unstable": "nixpkgs-unstable"
      }
    }
  },
  "root": "root",
  "version": 7
}
